
Microsoft Visual Studio Solution File, Format Version 12.00
# Visual Studio Version 17
VisualStudioVersion = 17.0.31903.59
MinimumVisualStudioVersion = 10.0.40219.1
Project("{FAE04EC0-301F-11D3-BF4B-00C04F79EFBC}") = "IOC.Core", "IOC.Core\IOC.Core.csproj", "{9B523B33-AF0D-4167-A3EC-BB7F7D592E7A}"
EndProject
Project("{FAE04EC0-301F-11D3-BF4B-00C04F79EFBC}") = "IOC.Api", "IOC.Api\IOC.Api.csproj", "{B509C7CA-E34D-4B5D-83DF-8392C2F3CD7E}"
EndProject
Project("{FAE04EC0-301F-11D3-BF4B-00C04F79EFBC}") = "IOC.SemanticLayer", "IOC.SemanticLayer\IOC.SemanticLayer.csproj", "{DD2D8FE2-3276-4670-BFA8-AE3554BFA411}"
EndProject
Project("{2150E333-8FDC-42A3-9474-1A3956D46DE8}") = "Plugins", "Plugins", "{07D57EEB-2F50-60C4-C011-FE4FA775C9A8}"
EndProject
Project("{FAE04EC0-301F-11D3-BF4B-00C04F79EFBC}") = "IOC.Finance", "Plugins\IOC.Finance\IOC.Finance.csproj", "{A87826C4-E4EE-410D-99D4-45C7F6B3B9C9}"
EndProject
Project("{FAE04EC0-301F-11D3-BF4B-00C04F79EFBC}") = "IOC.HR", "Plugins\IOC.HR\IOC.HR.csproj", "{EAD473F0-DC84-4963-A242-4A9DD35121DF}"
EndProject
Project("{FAE04EC0-301F-11D3-BF4B-00C04F79EFBC}") = "IOC.Marketing", "Plugins\IOC.Marketing\IOC.Marketing.csproj", "{DEA5B45C-647E-4EF4-880F-71E86D493BA4}"
EndProject
Project("{FAE04EC0-301F-11D3-BF4B-00C04F79EFBC}") = "IOC.Kafka", "..\realtime\IOC.Kafka\IOC.Kafka.csproj", "{BF9850BB-CD27-4C77-9994-1666B95005C8}"
EndProject
Project("{FAE04EC0-301F-11D3-BF4B-00C04F79EFBC}") = "IOC.SignalR", "..\realtime\IOC.SignalR\IOC.SignalR.csproj", "{294D3811-5108-48BD-8908-0EE3BBCE3C1A}"
EndProject
Project("{FAE04EC0-301F-11D3-BF4B-00C04F79EFBC}") = "IOC.Core.Tests", "..\..\tests\backend\unit\IOC.Core.Tests\IOC.Core.Tests.csproj", "{06A95182-4CF0-48EE-9C3D-20092E70967F}"
EndProject
Project("{FAE04EC0-301F-11D3-BF4B-00C04F79EFBC}") = "IOC.Api.Tests", "..\..\tests\backend\integration\IOC.Api.Tests\IOC.Api.Tests.csproj", "{8A5B4AFF-6D90-4990-AB9C-461D68828D39}"
EndProject
Project("{FAE04EC0-301F-11D3-BF4B-00C04F79EFBC}") = "IOC.Realtime.Tests", "..\..\tests\backend\unit\IOC.Realtime.Tests\IOC.Realtime.Tests.csproj", "{E1A2F3B4-5C6D-7E8F-9A0B-1C2D3E4F5A6B}"
EndProject
Project("{FAE04EC0-301F-11D3-BF4B-00C04F79EFBC}") = "Gateway.Tests", "..\..\tests\backend\integration\Gateway.Tests\Gateway.Tests.csproj", "{F1A2B3C4-D5E6-7890-ABCD-EF1234567890}"
EndProject
Global
	GlobalSection(SolutionConfigurationPlatforms) = preSolution
		Debug|Any CPU = Debug|Any CPU
		Debug|x64 = Debug|x64
		Debug|x86 = Debug|x86
		Release|Any CPU = Release|Any CPU
		Release|x64 = Release|x64
		Release|x86 = Release|x86
	EndGlobalSection
	GlobalSection(ProjectConfigurationPlatforms) = postSolution
		{9B523B33-AF0D-4167-A3EC-BB7F7D592E7A}.Debug|Any CPU.ActiveCfg = Debug|Any CPU
		{9B523B33-AF0D-4167-A3EC-BB7F7D592E7A}.Debug|Any CPU.Build.0 = Debug|Any CPU
		{9B523B33-AF0D-4167-A3EC-BB7F7D592E7A}.Debug|x64.ActiveCfg = Debug|Any CPU
		{9B523B33-AF0D-4167-A3EC-BB7F7D592E7A}.Debug|x64.Build.0 = Debug|Any CPU
		{9B523B33-AF0D-4167-A3EC-BB7F7D592E7A}.Debug|x86.ActiveCfg = Debug|Any CPU
		{9B523B33-AF0D-4167-A3EC-BB7F7D592E7A}.Debug|x86.Build.0 = Debug|Any CPU
		{9B523B33-AF0D-4167-A3EC-BB7F7D592E7A}.Release|Any CPU.ActiveCfg = Release|Any CPU
		{9B523B33-AF0D-4167-A3EC-BB7F7D592E7A}.Release|Any CPU.Build.0 = Release|Any CPU
		{9B523B33-AF0D-4167-A3EC-BB7F7D592E7A}.Release|x64.ActiveCfg = Release|Any CPU
		{9B523B33-AF0D-4167-A3EC-BB7F7D592E7A}.Release|x64.Build.0 = Release|Any CPU
		{9B523B33-AF0D-4167-A3EC-BB7F7D592E7A}.Release|x86.ActiveCfg = Release|Any CPU
		{9B523B33-AF0D-4167-A3EC-BB7F7D592E7A}.Release|x86.Build.0 = Release|Any CPU
		{B509C7CA-E34D-4B5D-83DF-8392C2F3CD7E}.Debug|Any CPU.ActiveCfg = Debug|Any CPU
		{B509C7CA-E34D-4B5D-83DF-8392C2F3CD7E}.Debug|Any CPU.Build.0 = Debug|Any CPU
		{B509C7CA-E34D-4B5D-83DF-8392C2F3CD7E}.Debug|x64.ActiveCfg = Debug|Any CPU
		{B509C7CA-E34D-4B5D-83DF-8392C2F3CD7E}.Debug|x64.Build.0 = Debug|Any CPU
		{B509C7CA-E34D-4B5D-83DF-8392C2F3CD7E}.Debug|x86.ActiveCfg = Debug|Any CPU
		{B509C7CA-E34D-4B5D-83DF-8392C2F3CD7E}.Debug|x86.Build.0 = Debug|Any CPU
		{B509C7CA-E34D-4B5D-83DF-8392C2F3CD7E}.Release|Any CPU.ActiveCfg = Release|Any CPU
		{B509C7CA-E34D-4B5D-83DF-8392C2F3CD7E}.Release|Any CPU.Build.0 = Release|Any CPU
		{B509C7CA-E34D-4B5D-83DF-8392C2F3CD7E}.Release|x64.ActiveCfg = Release|Any CPU
		{B509C7CA-E34D-4B5D-83DF-8392C2F3CD7E}.Release|x64.Build.0 = Release|Any CPU
		{B509C7CA-E34D-4B5D-83DF-8392C2F3CD7E}.Release|x86.ActiveCfg = Release|Any CPU
		{B509C7CA-E34D-4B5D-83DF-8392C2F3CD7E}.Release|x86.Build.0 = Release|Any CPU
		{DD2D8FE2-3276-4670-BFA8-AE3554BFA411}.Debug|Any CPU.ActiveCfg = Debug|Any CPU
		{DD2D8FE2-3276-4670-BFA8-AE3554BFA411}.Debug|Any CPU.Build.0 = Debug|Any CPU
		{DD2D8FE2-3276-4670-BFA8-AE3554BFA411}.Debug|x64.ActiveCfg = Debug|Any CPU
		{DD2D8FE2-3276-4670-BFA8-AE3554BFA411}.Debug|x64.Build.0 = Debug|Any CPU
		{DD2D8FE2-3276-4670-BFA8-AE3554BFA411}.Debug|x86.ActiveCfg = Debug|Any CPU
		{DD2D8FE2-3276-4670-BFA8-AE3554BFA411}.Debug|x86.Build.0 = Debug|Any CPU
		{DD2D8FE2-3276-4670-BFA8-AE3554BFA411}.Release|Any CPU.ActiveCfg = Release|Any CPU
		{DD2D8FE2-3276-4670-BFA8-AE3554BFA411}.Release|Any CPU.Build.0 = Release|Any CPU
		{DD2D8FE2-3276-4670-BFA8-AE3554BFA411}.Release|x64.ActiveCfg = Release|Any CPU
		{DD2D8FE2-3276-4670-BFA8-AE3554BFA411}.Release|x64.Build.0 = Release|Any CPU
		{DD2D8FE2-3276-4670-BFA8-AE3554BFA411}.Release|x86.ActiveCfg = Release|Any CPU
		{DD2D8FE2-3276-4670-BFA8-AE3554BFA411}.Release|x86.Build.0 = Release|Any CPU
		{A87826C4-E4EE-410D-99D4-45C7F6B3B9C9}.Debug|Any CPU.ActiveCfg = Debug|Any CPU
		{A87826C4-E4EE-410D-99D4-45C7F6B3B9C9}.Debug|Any CPU.Build.0 = Debug|Any CPU
		{A87826C4-E4EE-410D-99D4-45C7F6B3B9C9}.Debug|x64.ActiveCfg = Debug|Any CPU
		{A87826C4-E4EE-410D-99D4-45C7F6B3B9C9}.Debug|x64.Build.0 = Debug|Any CPU
		{A87826C4-E4EE-410D-99D4-45C7F6B3B9C9}.Debug|x86.ActiveCfg = Debug|Any CPU
		{A87826C4-E4EE-410D-99D4-45C7F6B3B9C9}.Debug|x86.Build.0 = Debug|Any CPU
		{A87826C4-E4EE-410D-99D4-45C7F6B3B9C9}.Release|Any CPU.ActiveCfg = Release|Any CPU
		{A87826C4-E4EE-410D-99D4-45C7F6B3B9C9}.Release|Any CPU.Build.0 = Release|Any CPU
		{A87826C4-E4EE-410D-99D4-45C7F6B3B9C9}.Release|x64.ActiveCfg = Release|Any CPU
		{A87826C4-E4EE-410D-99D4-45C7F6B3B9C9}.Release|x64.Build.0 = Release|Any CPU
		{A87826C4-E4EE-410D-99D4-45C7F6B3B9C9}.Release|x86.ActiveCfg = Release|Any CPU
		{A87826C4-E4EE-410D-99D4-45C7F6B3B9C9}.Release|x86.Build.0 = Release|Any CPU
		{EAD473F0-DC84-4963-A242-4A9DD35121DF}.Debug|Any CPU.ActiveCfg = Debug|Any CPU
		{EAD473F0-DC84-4963-A242-4A9DD35121DF}.Debug|Any CPU.Build.0 = Debug|Any CPU
		{EAD473F0-DC84-4963-A242-4A9DD35121DF}.Debug|x64.ActiveCfg = Debug|Any CPU
		{EAD473F0-DC84-4963-A242-4A9DD35121DF}.Debug|x64.Build.0 = Debug|Any CPU
		{EAD473F0-DC84-4963-A242-4A9DD35121DF}.Debug|x86.ActiveCfg = Debug|Any CPU
		{EAD473F0-DC84-4963-A242-4A9DD35121DF}.Debug|x86.Build.0 = Debug|Any CPU
		{EAD473F0-DC84-4963-A242-4A9DD35121DF}.Release|Any CPU.ActiveCfg = Release|Any CPU
		{EAD473F0-DC84-4963-A242-4A9DD35121DF}.Release|Any CPU.Build.0 = Release|Any CPU
		{EAD473F0-DC84-4963-A242-4A9DD35121DF}.Release|x64.ActiveCfg = Release|Any CPU
		{EAD473F0-DC84-4963-A242-4A9DD35121DF}.Release|x64.Build.0 = Release|Any CPU
		{EAD473F0-DC84-4963-A242-4A9DD35121DF}.Release|x86.ActiveCfg = Release|Any CPU
		{EAD473F0-DC84-4963-A242-4A9DD35121DF}.Release|x86.Build.0 = Release|Any CPU
		{DEA5B45C-647E-4EF4-880F-71E86D493BA4}.Debug|Any CPU.ActiveCfg = Debug|Any CPU
		{DEA5B45C-647E-4EF4-880F-71E86D493BA4}.Debug|Any CPU.Build.0 = Debug|Any CPU
		{DEA5B45C-647E-4EF4-880F-71E86D493BA4}.Debug|x64.ActiveCfg = Debug|Any CPU
		{DEA5B45C-647E-4EF4-880F-71E86D493BA4}.Debug|x64.Build.0 = Debug|Any CPU
		{DEA5B45C-647E-4EF4-880F-71E86D493BA4}.Debug|x86.ActiveCfg = Debug|Any CPU
		{DEA5B45C-647E-4EF4-880F-71E86D493BA4}.Debug|x86.Build.0 = Debug|Any CPU
		{DEA5B45C-647E-4EF4-880F-71E86D493BA4}.Release|Any CPU.ActiveCfg = Release|Any CPU
		{DEA5B45C-647E-4EF4-880F-71E86D493BA4}.Release|Any CPU.Build.0 = Release|Any CPU
		{DEA5B45C-647E-4EF4-880F-71E86D493BA4}.Release|x64.ActiveCfg = Release|Any CPU
		{DEA5B45C-647E-4EF4-880F-71E86D493BA4}.Release|x64.Build.0 = Release|Any CPU
		{DEA5B45C-647E-4EF4-880F-71E86D493BA4}.Release|x86.ActiveCfg = Release|Any CPU
		{DEA5B45C-647E-4EF4-880F-71E86D493BA4}.Release|x86.Build.0 = Release|Any CPU
		{BF9850BB-CD27-4C77-9994-1666B95005C8}.Debug|Any CPU.ActiveCfg = Debug|Any CPU
		{BF9850BB-CD27-4C77-9994-1666B95005C8}.Debug|Any CPU.Build.0 = Debug|Any CPU
		{BF9850BB-CD27-4C77-9994-1666B95005C8}.Debug|x64.ActiveCfg = Debug|Any CPU
		{BF9850BB-CD27-4C77-9994-1666B95005C8}.Debug|x64.Build.0 = Debug|Any CPU
		{BF9850BB-CD27-4C77-9994-1666B95005C8}.Debug|x86.ActiveCfg = Debug|Any CPU
		{BF9850BB-CD27-4C77-9994-1666B95005C8}.Debug|x86.Build.0 = Debug|Any CPU
		{BF9850BB-CD27-4C77-9994-1666B95005C8}.Release|Any CPU.ActiveCfg = Release|Any CPU
		{BF9850BB-CD27-4C77-9994-1666B95005C8}.Release|Any CPU.Build.0 = Release|Any CPU
		{BF9850BB-CD27-4C77-9994-1666B95005C8}.Release|x64.ActiveCfg = Release|Any CPU
		{BF9850BB-CD27-4C77-9994-1666B95005C8}.Release|x64.Build.0 = Release|Any CPU
		{BF9850BB-CD27-4C77-9994-1666B95005C8}.Release|x86.ActiveCfg = Release|Any CPU
		{BF9850BB-CD27-4C77-9994-1666B95005C8}.Release|x86.Build.0 = Release|Any CPU
		{294D3811-5108-48BD-8908-0EE3BBCE3C1A}.Debug|Any CPU.ActiveCfg = Debug|Any CPU
		{294D3811-5108-48BD-8908-0EE3BBCE3C1A}.Debug|Any CPU.Build.0 = Debug|Any CPU
		{294D3811-5108-48BD-8908-0EE3BBCE3C1A}.Debug|x64.ActiveCfg = Debug|Any CPU
		{294D3811-5108-48BD-8908-0EE3BBCE3C1A}.Debug|x64.Build.0 = Debug|Any CPU
		{294D3811-5108-48BD-8908-0EE3BBCE3C1A}.Debug|x86.ActiveCfg = Debug|Any CPU
		{294D3811-5108-48BD-8908-0EE3BBCE3C1A}.Debug|x86.Build.0 = Debug|Any CPU
		{294D3811-5108-48BD-8908-0EE3BBCE3C1A}.Release|Any CPU.ActiveCfg = Release|Any CPU
		{294D3811-5108-48BD-8908-0EE3BBCE3C1A}.Release|Any CPU.Build.0 = Release|Any CPU
		{294D3811-5108-48BD-8908-0EE3BBCE3C1A}.Release|x64.ActiveCfg = Release|Any CPU
		{294D3811-5108-48BD-8908-0EE3BBCE3C1A}.Release|x64.Build.0 = Release|Any CPU
		{294D3811-5108-48BD-8908-0EE3BBCE3C1A}.Release|x86.ActiveCfg = Release|Any CPU
		{294D3811-5108-48BD-8908-0EE3BBCE3C1A}.Release|x86.Build.0 = Release|Any CPU
		{06A95182-4CF0-48EE-9C3D-20092E70967F}.Debug|Any CPU.ActiveCfg = Debug|Any CPU
		{06A95182-4CF0-48EE-9C3D-20092E70967F}.Debug|Any CPU.Build.0 = Debug|Any CPU
		{06A95182-4CF0-48EE-9C3D-20092E70967F}.Debug|x64.ActiveCfg = Debug|Any CPU
		{06A95182-4CF0-48EE-9C3D-20092E70967F}.Debug|x64.Build.0 = Debug|Any CPU
		{06A95182-4CF0-48EE-9C3D-20092E70967F}.Debug|x86.ActiveCfg = Debug|Any CPU
		{06A95182-4CF0-48EE-9C3D-20092E70967F}.Debug|x86.Build.0 = Debug|Any CPU
		{06A95182-4CF0-48EE-9C3D-20092E70967F}.Release|Any CPU.ActiveCfg = Release|Any CPU
		{06A95182-4CF0-48EE-9C3D-20092E70967F}.Release|Any CPU.Build.0 = Release|Any CPU
		{06A95182-4CF0-48EE-9C3D-20092E70967F}.Release|x64.ActiveCfg = Release|Any CPU
		{06A95182-4CF0-48EE-9C3D-20092E70967F}.Release|x64.Build.0 = Release|Any CPU
		{06A95182-4CF0-48EE-9C3D-20092E70967F}.Release|x86.ActiveCfg = Release|Any CPU
		{06A95182-4CF0-48EE-9C3D-20092E70967F}.Release|x86.Build.0 = Release|Any CPU
		{8A5B4AFF-6D90-4990-AB9C-461D68828D39}.Debug|Any CPU.ActiveCfg = Debug|Any CPU
		{8A5B4AFF-6D90-4990-AB9C-461D68828D39}.Debug|Any CPU.Build.0 = Debug|Any CPU
		{8A5B4AFF-6D90-4990-AB9C-461D68828D39}.Debug|x64.ActiveCfg = Debug|Any CPU
		{8A5B4AFF-6D90-4990-AB9C-461D68828D39}.Debug|x64.Build.0 = Debug|Any CPU
		{8A5B4AFF-6D90-4990-AB9C-461D68828D39}.Debug|x86.ActiveCfg = Debug|Any CPU
		{8A5B4AFF-6D90-4990-AB9C-461D68828D39}.Debug|x86.Build.0 = Debug|Any CPU
		{8A5B4AFF-6D90-4990-AB9C-461D68828D39}.Release|Any CPU.ActiveCfg = Release|Any CPU
		{8A5B4AFF-6D90-4990-AB9C-461D68828D39}.Release|Any CPU.Build.0 = Release|Any CPU
		{8A5B4AFF-6D90-4990-AB9C-461D68828D39}.Release|x64.ActiveCfg = Release|Any CPU
		{8A5B4AFF-6D90-4990-AB9C-461D68828D39}.Release|x64.Build.0 = Release|Any CPU
		{8A5B4AFF-6D90-4990-AB9C-461D68828D39}.Release|x86.ActiveCfg = Release|Any CPU
		{8A5B4AFF-6D90-4990-AB9C-461D68828D39}.Release|x86.Build.0 = Release|Any CPU
		{E1A2F3B4-5C6D-7E8F-9A0B-1C2D3E4F5A6B}.Debug|Any CPU.ActiveCfg = Debug|Any CPU
		{E1A2F3B4-5C6D-7E8F-9A0B-1C2D3E4F5A6B}.Debug|Any CPU.Build.0 = Debug|Any CPU
		{E1A2F3B4-5C6D-7E8F-9A0B-1C2D3E4F5A6B}.Debug|x64.ActiveCfg = Debug|Any CPU
		{E1A2F3B4-5C6D-7E8F-9A0B-1C2D3E4F5A6B}.Debug|x64.Build.0 = Debug|Any CPU
		{E1A2F3B4-5C6D-7E8F-9A0B-1C2D3E4F5A6B}.Debug|x86.ActiveCfg = Debug|Any CPU
		{E1A2F3B4-5C6D-7E8F-9A0B-1C2D3E4F5A6B}.Debug|x86.Build.0 = Debug|Any CPU
		{E1A2F3B4-5C6D-7E8F-9A0B-1C2D3E4F5A6B}.Release|Any CPU.ActiveCfg = Release|Any CPU
		{E1A2F3B4-5C6D-7E8F-9A0B-1C2D3E4F5A6B}.Release|Any CPU.Build.0 = Release|Any CPU
		{E1A2F3B4-5C6D-7E8F-9A0B-1C2D3E4F5A6B}.Release|x64.ActiveCfg = Release|Any CPU
		{E1A2F3B4-5C6D-7E8F-9A0B-1C2D3E4F5A6B}.Release|x64.Build.0 = Release|Any CPU
		{E1A2F3B4-5C6D-7E8F-9A0B-1C2D3E4F5A6B}.Release|x86.ActiveCfg = Release|Any CPU
		{E1A2F3B4-5C6D-7E8F-9A0B-1C2D3E4F5A6B}.Release|x86.Build.0 = Release|Any CPU
		{F1A2B3C4-D5E6-7890-ABCD-EF1234567890}.Debug|Any CPU.ActiveCfg = Debug|Any CPU
		{F1A2B3C4-D5E6-7890-ABCD-EF1234567890}.Debug|Any CPU.Build.0 = Debug|Any CPU
		{F1A2B3C4-D5E6-7890-ABCD-EF1234567890}.Debug|x64.ActiveCfg = Debug|Any CPU
		{F1A2B3C4-D5E6-7890-ABCD-EF1234567890}.Debug|x64.Build.0 = Debug|Any CPU
		{F1A2B3C4-D5E6-7890-ABCD-EF1234567890}.Debug|x86.ActiveCfg = Debug|Any CPU
		{F1A2B3C4-D5E6-7890-ABCD-EF1234567890}.Debug|x86.Build.0 = Debug|Any CPU
		{F1A2B3C4-D5E6-7890-ABCD-EF1234567890}.Release|Any CPU.ActiveCfg = Release|Any CPU
		{F1A2B3C4-D5E6-7890-ABCD-EF1234567890}.Release|Any CPU.Build.0 = Release|Any CPU
		{F1A2B3C4-D5E6-7890-ABCD-EF1234567890}.Release|x64.ActiveCfg = Release|Any CPU
		{F1A2B3C4-D5E6-7890-ABCD-EF1234567890}.Release|x64.Build.0 = Release|Any CPU
		{F1A2B3C4-D5E6-7890-ABCD-EF1234567890}.Release|x86.ActiveCfg = Release|Any CPU
		{F1A2B3C4-D5E6-7890-ABCD-EF1234567890}.Release|x86.Build.0 = Release|Any CPU
	EndGlobalSection
	GlobalSection(SolutionProperties) = preSolution
		HideSolutionNode = FALSE
	EndGlobalSection
	GlobalSection(NestedProjects) = preSolution
		{A87826C4-E4EE-410D-99D4-45C7F6B3B9C9} = {07D57EEB-2F50-60C4-C011-FE4FA775C9A8}
		{EAD473F0-DC84-4963-A242-4A9DD35121DF} = {07D57EEB-2F50-60C4-C011-FE4FA775C9A8}
		{DEA5B45C-647E-4EF4-880F-71E86D493BA4} = {07D57EEB-2F50-60C4-C011-FE4FA775C9A8}
	EndGlobalSection
EndGlobal
